
Microsoft Visual Studio Solution File, Format Version 11.00
# Visual Web Developer Express 2010
Project("{FAE04EC0-301F-11D3-BF4B-00C04F79EFBC}") = "_minRPG", "_minRPG.csproj", "{A912A04A-5DF2-422E-9783-050336E2068E}"
EndProject
Global
	GlobalSection(SolutionConfigurationPlatforms) = preSolution
		Debug|Any CPU = Debug|Any CPU
		Release|Any CPU = Release|Any CPU
	EndGlobalSection
	GlobalSection(ProjectConfigurationPlatforms) = postSolution
		{A912A04A-5DF2-422E-9783-050336E2068E}.Debug|Any CPU.ActiveCfg = Debug|Any CPU
		{A912A04A-5DF2-422E-9783-050336E2068E}.Debug|Any CPU.Build.0 = Debug|Any CPU
		{A912A04A-5DF2-422E-9783-050336E2068E}.Release|Any CPU.ActiveCfg = Release|Any CPU
		{A912A04A-5DF2-422E-9783-050336E2068E}.Release|Any CPU.Build.0 = Release|Any CPU
	EndGlobalSection
	GlobalSection(SolutionProperties) = preSolution
		HideSolutionNode = FALSE
	EndGlobalSection
EndGlobal
